
Microsoft Visual Studio Solution File, Format Version 12.00
# Visual Studio Version 16
VisualStudioVersion = 16.0.32602.291
MinimumVisualStudioVersion = 10.0.40219.1
Project("{FAE04EC0-301F-11D3-BF4B-00C04F79EFBC}") = "pdms_one_csv", "pdms_one_csv\pdms_one_csv.csproj", "{DD12A93F-5BA0-464B-ACC5-A0CD1E3A5AE0}"
EndProject
Global
	GlobalSection(SolutionConfigurationPlatforms) = preSolution
		Debug|Any CPU = Debug|Any CPU
		Release|Any CPU = Release|Any CPU
	EndGlobalSection
	GlobalSection(ProjectConfigurationPlatforms) = postSolution
		{DD12A93F-5BA0-464B-ACC5-A0CD1E3A5AE0}.Debug|Any CPU.ActiveCfg = Debug|Any CPU
		{DD12A93F-5BA0-464B-ACC5-A0CD1E3A5AE0}.Debug|Any CPU.Build.0 = Debug|Any CPU
		{DD12A93F-5BA0-464B-ACC5-A0CD1E3A5AE0}.Release|Any CPU.ActiveCfg = Release|Any CPU
		{DD12A93F-5BA0-464B-ACC5-A0CD1E3A5AE0}.Release|Any CPU.Build.0 = Release|Any CPU
	EndGlobalSection
	GlobalSection(SolutionProperties) = preSolution
		HideSolutionNode = FALSE
	EndGlobalSection
	GlobalSection(ExtensibilityGlobals) = postSolution
		SolutionGuid = {35830C18-2D5C-41E1-8AA0-0373FFC5E179}
	EndGlobalSection
EndGlobal
